// !$*UTF8*$!
{
	archiveVersion = 1;
	classes = {
	};
	objectVersion = 77;
	objects = {

/* Begin PBXBuildFile section */
		148177E02F0F268E00620BCA /* Stripe in Frameworks */ = {isa = PBXBuildFile; productRef = 148177DF2F0F268E00620BCA /* Stripe */; };
		148177E22F0F268E00620BCA /* StripeApplePay in Frameworks */ = {isa = PBXBuildFile; productRef = 148177E12F0F268E00620BCA /* StripeApplePay */; };
		148177E42F0F268E00620BCA /* StripeCardScan in Frameworks */ = {isa = PBXBuildFile; productRef = 148177E32F0F268E00620BCA /* StripeCardScan */; };
		148177E62F0F268E00620BCA /* StripeConnect in Frameworks */ = {isa = PBXBuildFile; productRef = 148177E52F0F268E00620BCA /* StripeConnect */; };
		148177E82F0F268E00620BCA /* StripeFinancialConnections in Frameworks */ = {isa = PBXBuildFile; productRef = 148177E72F0F268E00620BCA /* StripeFinancialConnections */; };
		148177EA2F0F268E00620BCA /* StripeIdentity in Frameworks */ = {isa = PBXBuildFile; productRef = 148177E92F0F268E00620BCA /* StripeIdentity */; };
		148177EC2F0F268E00620BCA /* StripeIssuing in Frameworks */ = {isa = PBXBuildFile; productRef = 148177EB2F0F268E00620BCA /* StripeIssuing */; };
		148177EE2F0F268E00620BCA /* StripePaymentSheet in Frameworks */ = {isa = PBXBuildFile; productRef = 148177ED2F0F268E00620BCA /* StripePaymentSheet */; };
		148177F02F0F268E00620BCA /* StripePayments in Frameworks */ = {isa = PBXBuildFile; productRef = 148177EF2F0F268E00620BCA /* StripePayments */; };
		148177F22F0F268E00620BCA /* StripePaymentsUI in Frameworks */ = {isa = PBXBuildFile; productRef = 148177F12F0F268E00620BCA /* StripePaymentsUI */; };
		1491C6B62EDF931E0054DEAA /* LinkU in Frameworks */ = {isa = PBXBuildFile; productRef = 1491C6B52EDF931E0054DEAA /* LinkU */; };
/* End PBXBuildFile section */

/* Begin PBXFileReference section */
		1491C6952EDF90BC0054DEAA /* Link²Ur.app */ = {isa = PBXFileReference; explicitFileType = wrapper.application; includeInIndex = 0; path = "Link²Ur.app"; sourceTree = BUILT_PRODUCTS_DIR; };
/* End PBXFileReference section */

/* Begin PBXFileSystemSynchronizedRootGroup section */
		1491C6972EDF90BC0054DEAA /* link2ur */ = {
			isa = PBXFileSystemSynchronizedRootGroup;
			path = link2ur;
			sourceTree = "<group>";
		};
/* End PBXFileSystemSynchronizedRootGroup section */

/* Begin PBXFrameworksBuildPhase section */
		1491C6922EDF90BC0054DEAA /* Frameworks */ = {
			isa = PBXFrameworksBuildPhase;
			buildActionMask = 2147483647;
			files = (
				148177F02F0F268E00620BCA /* StripePayments in Frameworks */,
				148177E42F0F268E00620BCA /* StripeCardScan in Frameworks */,
				148177E82F0F268E00620BCA /* StripeFinancialConnections in Frameworks */,
				148177F22F0F268E00620BCA /* StripePaymentsUI in Frameworks */,
				148177E22F0F268E00620BCA /* StripeApplePay in Frameworks */,
				148177EA2F0F268E00620BCA /* StripeIdentity in Frameworks */,
				1491C6B62EDF931E0054DEAA /* LinkU in Frameworks */,
				148177E02F0F268E00620BCA /* Stripe in Frameworks */,
				148177EC2F0F268E00620BCA /* StripeIssuing in Frameworks */,
				148177EE2F0F268E00620BCA /* StripePaymentSheet in Frameworks */,
				148177E62F0F268E00620BCA /* StripeConnect in Frameworks */,
			);
			runOnlyForDeploymentPostprocessing = 0;
		};
/* End PBXFrameworksBuildPhase section */

/* Begin PBXGroup section */
		1491C68C2EDF90BC0054DEAA = {
			isa = PBXGroup;
			children = (
				1491C6972EDF90BC0054DEAA /* link2ur */,
				1491C6962EDF90BC0054DEAA /* Products */,
			);
			sourceTree = "<group>";
		};
		1491C6962EDF90BC0054DEAA /* Products */ = {
			isa = PBXGroup;
			children = (
				1491C6952EDF90BC0054DEAA /* Link²Ur.app */,
			);
			name = Products;
			sourceTree = "<group>";
		};
/* End PBXGroup section */

/* Begin PBXNativeTarget section */
		1491C6942EDF90BC0054DEAA /* Link²Ur */ = {
			isa = PBXNativeTarget;
			buildConfigurationList = 1491C6A02EDF90BE0054DEAA /* Build configuration list for PBXNativeTarget "Link²Ur" */;
			buildPhases = (
				1491C6912EDF90BC0054DEAA /* Sources */,
				1491C6922EDF90BC0054DEAA /* Frameworks */,
				1491C6932EDF90BC0054DEAA /* Resources */,
			);
			buildRules = (
			);
			dependencies = (
			);
			fileSystemSynchronizedGroups = (
				1491C6972EDF90BC0054DEAA /* link2ur */,
			);
			name = "Link²Ur";
			packageProductDependencies = (
				1491C6B52EDF931E0054DEAA /* LinkU */,
				148177DF2F0F268E00620BCA /* Stripe */,
				148177E12F0F268E00620BCA /* StripeApplePay */,
				148177E32F0F268E00620BCA /* StripeCardScan */,
				148177E52F0F268E00620BCA /* StripeConnect */,
				148177E72F0F268E00620BCA /* StripeFinancialConnections */,
				148177E92F0F268E00620BCA /* StripeIdentity */,
				148177EB2F0F268E00620BCA /* StripeIssuing */,
				148177ED2F0F268E00620BCA /* StripePaymentSheet */,
				148177EF2F0F268E00620BCA /* StripePayments */,
				148177F12F0F268E00620BCA /* StripePaymentsUI */,
			);
			productName = link2ur;
			productReference = 1491C6952EDF90BC0054DEAA /* Link²Ur.app */;
			productType = "com.apple.product-type.application";
		};
/* End PBXNativeTarget section */

/* Begin PBXProject section */
		1491C68D2EDF90BC0054DEAA /* Project object */ = {
			isa = PBXProject;
			attributes = {
				BuildIndependentTargetsInParallel = 1;
				LastSwiftUpdateCheck = 2610;
				LastUpgradeCheck = 2610;
				TargetAttributes = {
					1491C6942EDF90BC0054DEAA = {
						CreatedOnToolsVersion = 26.1.1;
					};
				};
			};
			buildConfigurationList = 1491C6902EDF90BC0054DEAA /* Build configuration list for PBXProject "link2ur" */;
			developmentRegion = en;
			hasScannedForEncodings = 0;
			knownRegions = (
				en,
				Base,
				"zh-Hans",
			);
			mainGroup = 1491C68C2EDF90BC0054DEAA;
			minimizedProjectReferenceProxies = 1;
			packageReferences = (
				1491C6B42EDF931E0054DEAA /* XCLocalSwiftPackageReference ".." */,
				148177DE2F0F268E00620BCA /* XCRemoteSwiftPackageReference "stripe-ios-spm" */,
			);
			preferredProjectObjectVersion = 77;
			productRefGroup = 1491C6962EDF90BC0054DEAA /* Products */;
			projectDirPath = link2ur;
			projectRoot = "";
			targets = (
				1491C6942EDF90BC0054DEAA /* Link²Ur */,
			);
		};
/* End PBXProject section */

/* Begin PBXResourcesBuildPhase section */
		1491C6932EDF90BC0054DEAA /* Resources */ = {
			isa = PBXResourcesBuildPhase;
			buildActionMask = 2147483647;
			files = (
			);
			runOnlyForDeploymentPostprocessing = 0;
		};
/* End PBXResourcesBuildPhase section */

/* Begin PBXSourcesBuildPhase section */
		1491C6912EDF90BC0054DEAA /* Sources */ = {
			isa = PBXSourcesBuildPhase;
			buildActionMask = 2147483647;
			files = (
			);
			runOnlyForDeploymentPostprocessing = 0;
		};
/* End PBXSourcesBuildPhase section */

/* Begin XCBuildConfiguration section */
		1491C69E2EDF90BE0054DEAA /* Debug */ = {
			isa = XCBuildConfiguration;
			buildSettings = {
				ALWAYS_SEARCH_USER_PATHS = NO;
				ASSETCATALOG_COMPILER_GENERATE_SWIFT_ASSET_SYMBOL_EXTENSIONS = YES;
				CLANG_ANALYZER_NONNULL = YES;
				CLANG_ANALYZER_NUMBER_OBJECT_CONVERSION = YES_AGGRESSIVE;
				CLANG_CXX_LANGUAGE_STANDARD = "gnu++20";
				CLANG_ENABLE_MODULES = YES;
				CLANG_ENABLE_OBJC_ARC = YES;
				CLANG_ENABLE_OBJC_WEAK = YES;
				CLANG_WARN_BLOCK_CAPTURE_AUTORELEASING = YES;
				CLANG_WARN_BOOL_CONVERSION = YES;
				CLANG_WARN_COMMA = YES;
				CLANG_WARN_CONSTANT_CONVERSION = YES;
				CLANG_WARN_DEPRECATED_OBJC_IMPLEMENTATIONS = YES;
				CLANG_WARN_DIRECT_OBJC_ISA_USAGE = YES_ERROR;
				CLANG_WARN_DOCUMENTATION_COMMENTS = YES;
				CLANG_WARN_EMPTY_BODY = YES;
				CLANG_WARN_ENUM_CONVERSION = YES;
				CLANG_WARN_INFINITE_RECURSION = YES;
				CLANG_WARN_INT_CONVERSION = YES;
				CLANG_WARN_NON_LITERAL_NULL_CONVERSION = YES;
				CLANG_WARN_OBJC_IMPLICIT_RETAIN_SELF = YES;
				CLANG_WARN_OBJC_LITERAL_CONVERSION = YES;
				CLANG_WARN_OBJC_ROOT_CLASS = YES_ERROR;
				CLANG_WARN_QUOTED_INCLUDE_IN_FRAMEWORK_HEADER = YES;
				CLANG_WARN_RANGE_LOOP_ANALYSIS = YES;
				CLANG_WARN_STRICT_PROTOTYPES = YES;
				CLANG_WARN_SUSPICIOUS_MOVE = YES;
				CLANG_WARN_UNGUARDED_AVAILABILITY = YES_AGGRESSIVE;
				CLANG_WARN_UNREACHABLE_CODE = YES;
				CLANG_WARN__DUPLICATE_METHOD_MATCH = YES;
				COPY_PHASE_STRIP = NO;
				DEBUG_INFORMATION_FORMAT = dwarf;
				ENABLE_STRICT_OBJC_MSGSEND = YES;
				ENABLE_TESTABILITY = YES;
				ENABLE_USER_SCRIPT_SANDBOXING = YES;
				GCC_C_LANGUAGE_STANDARD = gnu17;
				GCC_DYNAMIC_NO_PIC = NO;
				GCC_NO_COMMON_BLOCKS = YES;
				GCC_OPTIMIZATION_LEVEL = 0;
				GCC_PREPROCESSOR_DEFINITIONS = (
					"DEBUG=1",
					"$(inherited)",
				);
				GCC_WARN_64_TO_32_BIT_CONVERSION = YES;
				GCC_WARN_ABOUT_RETURN_TYPE = YES_ERROR;
				GCC_WARN_UNDECLARED_SELECTOR = YES;
				GCC_WARN_UNINITIALIZED_AUTOS = YES_AGGRESSIVE;
				GCC_WARN_UNUSED_FUNCTION = YES;
				GCC_WARN_UNUSED_VARIABLE = YES;
				IPHONEOS_DEPLOYMENT_TARGET = 16.0;
				LOCALIZATION_PREFERS_STRING_CATALOGS = YES;
				MTL_ENABLE_DEBUG_INFO = INCLUDE_SOURCE;
				MTL_FAST_MATH = YES;
				ONLY_ACTIVE_ARCH = YES;
				SDKROOT = iphoneos;
				SWIFT_ACTIVE_COMPILATION_CONDITIONS = "DEBUG $(inherited)";
				SWIFT_OPTIMIZATION_LEVEL = "-Onone";
			};
			name = Debug;
		};
		1491C69F2EDF90BE0054DEAA /* Release */ = {
			isa = XCBuildConfiguration;
			buildSettings = {
				ALWAYS_SEARCH_USER_PATHS = NO;
				ASSETCATALOG_COMPILER_GENERATE_SWIFT_ASSET_SYMBOL_EXTENSIONS = YES;
				CLANG_ANALYZER_NONNULL = YES;
				CLANG_ANALYZER_NUMBER_OBJECT_CONVERSION = YES_AGGRESSIVE;
				CLANG_CXX_LANGUAGE_STANDARD = "gnu++20";
				CLANG_ENABLE_MODULES = YES;
				CLANG_ENABLE_OBJC_ARC = YES;
				CLANG_ENABLE_OBJC_WEAK = YES;
				CLANG_WARN_BLOCK_CAPTURE_AUTORELEASING = YES;
				CLANG_WARN_BOOL_CONVERSION = YES;
				CLANG_WARN_COMMA = YES;
				CLANG_WARN_CONSTANT_CONVERSION = YES;
				CLANG_WARN_DEPRECATED_OBJC_IMPLEMENTATIONS = YES;
				CLANG_WARN_DIRECT_OBJC_ISA_USAGE = YES_ERROR;
				CLANG_WARN_DOCUMENTATION_COMMENTS = YES;
				CLANG_WARN_EMPTY_BODY = YES;
				CLANG_WARN_ENUM_CONVERSION = YES;
				CLANG_WARN_INFINITE_RECURSION = YES;
				CLANG_WARN_INT_CONVERSION = YES;
				CLANG_WARN_NON_LITERAL_NULL_CONVERSION = YES;
				CLANG_WARN_OBJC_IMPLICIT_RETAIN_SELF = YES;
				CLANG_WARN_OBJC_LITERAL_CONVERSION = YES;
				CLANG_WARN_OBJC_ROOT_CLASS = YES_ERROR;
				CLANG_WARN_QUOTED_INCLUDE_IN_FRAMEWORK_HEADER = YES;
				CLANG_WARN_RANGE_LOOP_ANALYSIS = YES;
				CLANG_WARN_STRICT_PROTOTYPES = YES;
				CLANG_WARN_SUSPICIOUS_MOVE = YES;
				CLANG_WARN_UNGUARDED_AVAILABILITY = YES_AGGRESSIVE;
				CLANG_WARN_UNREACHABLE_CODE = YES;
				CLANG_WARN__DUPLICATE_METHOD_MATCH = YES;
				COPY_PHASE_STRIP = NO;
				DEBUG_INFORMATION_FORMAT = "dwarf-with-dsym";
				ENABLE_NS_ASSERTIONS = NO;
				ENABLE_STRICT_OBJC_MSGSEND = YES;
				ENABLE_USER_SCRIPT_SANDBOXING = YES;
				GCC_C_LANGUAGE_STANDARD = gnu17;
				GCC_NO_COMMON_BLOCKS = YES;
				GCC_WARN_64_TO_32_BIT_CONVERSION = YES;
				GCC_WARN_ABOUT_RETURN_TYPE = YES_ERROR;
				GCC_WARN_UNDECLARED_SELECTOR = YES;
				GCC_WARN_UNINITIALIZED_AUTOS = YES_AGGRESSIVE;
				GCC_WARN_UNUSED_FUNCTION = YES;
				GCC_WARN_UNUSED_VARIABLE = YES;
				IPHONEOS_DEPLOYMENT_TARGET = 16.0;
				LOCALIZATION_PREFERS_STRING_CATALOGS = YES;
				MTL_ENABLE_DEBUG_INFO = NO;
				MTL_FAST_MATH = YES;
				SDKROOT = iphoneos;
				SWIFT_COMPILATION_MODE = wholemodule;
				VALIDATE_PRODUCT = YES;
			};
			name = Release;
		};
		1491C6A12EDF90BE0054DEAA /* Debug */ = {
			isa = XCBuildConfiguration;
			buildSettings = {
				ASSETCATALOG_COMPILER_APPICON_NAME = AppIcon;
				ASSETCATALOG_COMPILER_GLOBAL_ACCENT_COLOR_NAME = AccentColor;
				CODE_SIGN_STYLE = Automatic;
				CURRENT_PROJECT_VERSION = 1;
				DEVELOPMENT_TEAM = W2WB7KNHTP;
				ENABLE_PREVIEWS = YES;
				GENERATE_INFOPLIST_FILE = YES;
				INFOPLIST_KEY_CFBundleDisplayName = "Link²Ur";
				INFOPLIST_KEY_NSCameraUsageDescription = "该应用程序将使用相机拍摄您的身份证件照片。";
				INFOPLIST_KEY_NSLocationWhenInUseUsageDescription = "We need to access your location information to select task/item locations on the map, or use your current location. You can also choose to manually enter locations.";
				INFOPLIST_KEY_UIApplicationSceneManifest_Generation = YES;
				INFOPLIST_KEY_UIApplicationSupportsIndirectInputEvents = YES;
				INFOPLIST_KEY_UILaunchScreen_Generation = YES;
				INFOPLIST_KEY_UISupportedInterfaceOrientations_iPad = "UIInterfaceOrientationPortrait UIInterfaceOrientationPortraitUpsideDown UIInterfaceOrientationLandscapeLeft UIInterfaceOrientationLandscapeRight";
				INFOPLIST_KEY_UISupportedInterfaceOrientations_iPhone = "UIInterfaceOrientationPortrait UIInterfaceOrientationLandscapeLeft UIInterfaceOrientationLandscapeRight";
				LD_RUNPATH_SEARCH_PATHS = (
					"$(inherited)",
					"@executable_path/Frameworks",
				);
				MARKETING_VERSION = 1.0;
				PRODUCT_BUNDLE_IDENTIFIER = com.link2ur;
				PRODUCT_NAME = "Link²Ur";
				STRING_CATALOG_GENERATE_SYMBOLS = YES;
				SWIFT_APPROACHABLE_CONCURRENCY = YES;
				SWIFT_DEFAULT_ACTOR_ISOLATION = MainActor;
				SWIFT_EMIT_LOC_STRINGS = YES;
				SWIFT_UPCOMING_FEATURE_MEMBER_IMPORT_VISIBILITY = YES;
				SWIFT_VERSION = 5.0;
				TARGETED_DEVICE_FAMILY = "1,2";
			};
			name = Debug;
		};
		1491C6A22EDF90BE0054DEAA /* Release */ = {
			isa = XCBuildConfiguration;
			buildSettings = {
				ASSETCATALOG_COMPILER_APPICON_NAME = AppIcon;
				ASSETCATALOG_COMPILER_GLOBAL_ACCENT_COLOR_NAME = AccentColor;
				CODE_SIGN_STYLE = Automatic;
				CURRENT_PROJECT_VERSION = 1;
				DEVELOPMENT_TEAM = W2WB7KNHTP;
				ENABLE_PREVIEWS = YES;
				GENERATE_INFOPLIST_FILE = YES;
				INFOPLIST_KEY_CFBundleDisplayName = "Link²Ur";
				INFOPLIST_KEY_NSCameraUsageDescription = "该应用程序将使用相机拍摄您的身份证件照片。";
				INFOPLIST_KEY_NSLocationWhenInUseUsageDescription = "We need to access your location information to select task/item locations on the map, or use your current location. You can also choose to manually enter locations.";
				INFOPLIST_KEY_UIApplicationSceneManifest_Generation = YES;
				INFOPLIST_KEY_UIApplicationSupportsIndirectInputEvents = YES;
				INFOPLIST_KEY_UILaunchScreen_Generation = YES;
				INFOPLIST_KEY_UISupportedInterfaceOrientations_iPad = "UIInterfaceOrientationPortrait UIInterfaceOrientationPortraitUpsideDown UIInterfaceOrientationLandscapeLeft UIInterfaceOrientationLandscapeRight";
				INFOPLIST_KEY_UISupportedInterfaceOrientations_iPhone = "UIInterfaceOrientationPortrait UIInterfaceOrientationLandscapeLeft UIInterfaceOrientationLandscapeRight";
				LD_RUNPATH_SEARCH_PATHS = (
					"$(inherited)",
					"@executable_path/Frameworks",
				);
				MARKETING_VERSION = 1.0;
				PRODUCT_BUNDLE_IDENTIFIER = com.link2ur;
				PRODUCT_NAME = "Link²Ur";
				STRING_CATALOG_GENERATE_SYMBOLS = YES;
				SWIFT_APPROACHABLE_CONCURRENCY = YES;
				SWIFT_DEFAULT_ACTOR_ISOLATION = MainActor;
				SWIFT_EMIT_LOC_STRINGS = YES;
				SWIFT_UPCOMING_FEATURE_MEMBER_IMPORT_VISIBILITY = YES;
				SWIFT_VERSION = 5.0;
				TARGETED_DEVICE_FAMILY = "1,2";
			};
			name = Release;
		};
/* End XCBuildConfiguration section */

/* Begin XCConfigurationList section */
		1491C6902EDF90BC0054DEAA /* Build configuration list for PBXProject "link2ur" */ = {
			isa = XCConfigurationList;
			buildConfigurations = (
				1491C69E2EDF90BE0054DEAA /* Debug */,
				1491C69F2EDF90BE0054DEAA /* Release */,
			);
			defaultConfigurationIsVisible = 0;
			defaultConfigurationName = Release;
		};
		1491C6A02EDF90BE0054DEAA /* Build configuration list for PBXNativeTarget "Link²Ur" */ = {
			isa = XCConfigurationList;
			buildConfigurations = (
				1491C6A12EDF90BE0054DEAA /* Debug */,
				1491C6A22EDF90BE0054DEAA /* Release */,
			);
			defaultConfigurationIsVisible = 0;
			defaultConfigurationName = Release;
		};
/* End XCConfigurationList section */

/* Begin XCLocalSwiftPackageReference section */
		1491C6B42EDF931E0054DEAA /* XCLocalSwiftPackageReference ".." */ = {
			isa = XCLocalSwiftPackageReference;
			relativePath = ..;
		};
/* End XCLocalSwiftPackageReference section */

/* Begin XCRemoteSwiftPackageReference section */
		148177DE2F0F268E00620BCA /* XCRemoteSwiftPackageReference "stripe-ios-spm" */ = {
			isa = XCRemoteSwiftPackageReference;
			repositoryURL = "https://github.com/stripe/stripe-ios-spm";
			requirement = {
				kind = upToNextMajorVersion;
				minimumVersion = 25.3.1;
			};
		};
/* End XCRemoteSwiftPackageReference section */

/* Begin XCSwiftPackageProductDependency section */
		148177DF2F0F268E00620BCA /* Stripe */ = {
			isa = XCSwiftPackageProductDependency;
			package = 148177DE2F0F268E00620BCA /* XCRemoteSwiftPackageReference "stripe-ios-spm" */;
			productName = Stripe;
		};
		148177E12F0F268E00620BCA /* StripeApplePay */ = {
			isa = XCSwiftPackageProductDependency;
			package = 148177DE2F0F268E00620BCA /* XCRemoteSwiftPackageReference "stripe-ios-spm" */;
			productName = StripeApplePay;
		};
		148177E32F0F268E00620BCA /* StripeCardScan */ = {
			isa = XCSwiftPackageProductDependency;
			package = 148177DE2F0F268E00620BCA /* XCRemoteSwiftPackageReference "stripe-ios-spm" */;
			productName = StripeCardScan;
		};
		148177E52F0F268E00620BCA /* StripeConnect */ = {
			isa = XCSwiftPackageProductDependency;
			package = 148177DE2F0F268E00620BCA /* XCRemoteSwiftPackageReference "stripe-ios-spm" */;
			productName = StripeConnect;
		};
		148177E72F0F268E00620BCA /* StripeFinancialConnections */ = {
			isa = XCSwiftPackageProductDependency;
			package = 148177DE2F0F268E00620BCA /* XCRemoteSwiftPackageReference "stripe-ios-spm" */;
			productName = StripeFinancialConnections;
		};
		148177E92F0F268E00620BCA /* StripeIdentity */ = {
			isa = XCSwiftPackageProductDependency;
			package = 148177DE2F0F268E00620BCA /* XCRemoteSwiftPackageReference "stripe-ios-spm" */;
			productName = StripeIdentity;
		};
		148177EB2F0F268E00620BCA /* StripeIssuing */ = {
			isa = XCSwiftPackageProductDependency;
			package = 148177DE2F0F268E00620BCA /* XCRemoteSwiftPackageReference "stripe-ios-spm" */;
			productName = StripeIssuing;
		};
		148177ED2F0F268E00620BCA /* StripePaymentSheet */ = {
			isa = XCSwiftPackageProductDependency;
			package = 148177DE2F0F268E00620BCA /* XCRemoteSwiftPackageReference "stripe-ios-spm" */;
			productName = StripePaymentSheet;
		};
		148177EF2F0F268E00620BCA /* StripePayments */ = {
			isa = XCSwiftPackageProductDependency;
			package = 148177DE2F0F268E00620BCA /* XCRemoteSwiftPackageReference "stripe-ios-spm" */;
			productName = StripePayments;
		};
		148177F12F0F268E00620BCA /* StripePaymentsUI */ = {
			isa = XCSwiftPackageProductDependency;
			package = 148177DE2F0F268E00620BCA /* XCRemoteSwiftPackageReference "stripe-ios-spm" */;
			productName = StripePaymentsUI;
		};
		1491C6B52EDF931E0054DEAA /* LinkU */ = {
			isa = XCSwiftPackageProductDependency;
			productName = LinkU;
		};
/* End XCSwiftPackageProductDependency section */
	};
	rootObject = 1491C68D2EDF90BC0054DEAA /* Project object */;
}
