PODS:
  - app_links (6.4.1):
    - Flutter
  - connectivity_plus (0.0.1):
    - Flutter
  - device_info_plus (0.0.1):
    - Flutter
  - Flutter (1.0.0)
  - flutter_local_notifications (0.0.1):
    - Flutter
  - flutter_native_splash (2.4.3):
    - Flutter
  - flutter_secure_storage (6.0.0):
    - Flutter
  - fluwx (0.0.1):
    - Flutter
    - fluwx/pay (= 0.0.1)
  - fluwx/pay (0.0.1):
    - Flutter
    - WechatOpenSDK-XCFramework (~> 2.0.4)
  - geocoding_ios (1.0.5):
    - Flutter
  - geolocator_apple (1.2.0):
    - Flutter
    - FlutterMacOS
  - image_picker_ios (0.0.1):
    - Flutter
  - in_app_purchase_storekit (0.0.1):
    - Flutter
    - FlutterMacOS
  - in_app_review (2.0.0):
    - Flutter
  - keyboard_insets_mobile (0.0.1):
    - Flutter
  - local_auth_darwin (0.0.1):
    - Flutter
    - FlutterMacOS
  - package_info_plus (0.4.5):
    - Flutter
  - permission_handler_apple (9.3.0):
    - Flutter
  - share_plus (0.0.1):
    - Flutter
  - shared_preferences_foundation (0.0.1):
    - Flutter
    - FlutterMacOS
  - sqflite_darwin (0.0.4):
    - Flutter
    - FlutterMacOS
  - Stripe (25.0.1):
    - StripeApplePay (= 25.0.1)
    - StripeCore (= 25.0.1)
    - StripePayments (= 25.0.1)
    - StripePaymentsUI (= 25.0.1)
    - StripeUICore (= 25.0.1)
  - stripe_ios (0.0.1):
    - Flutter
    - Stripe (~> 25.0.1)
    - stripe_ios/stripe_ios (= 0.0.1)
    - stripe_ios/stripe_objc (= 0.0.1)
    - StripeApplePay (~> 25.0.1)
    - StripeFinancialConnections (~> 25.0.1)
    - StripePayments (~> 25.0.1)
    - StripePaymentSheet (~> 25.0.1)
    - StripePaymentsUI (~> 25.0.1)
  - stripe_ios/stripe_ios (0.0.1):
    - Flutter
    - Stripe (~> 25.0.1)
    - stripe_ios/stripe_objc
    - StripeApplePay (~> 25.0.1)
    - StripeFinancialConnections (~> 25.0.1)
    - StripePayments (~> 25.0.1)
    - StripePaymentSheet (~> 25.0.1)
    - StripePaymentsUI (~> 25.0.1)
  - stripe_ios/stripe_objc (0.0.1):
    - Flutter
    - Stripe (~> 25.0.1)
    - StripeApplePay (~> 25.0.1)
    - StripeFinancialConnections (~> 25.0.1)
    - StripePayments (~> 25.0.1)
    - StripePaymentSheet (~> 25.0.1)
    - StripePaymentsUI (~> 25.0.1)
  - StripeApplePay (25.0.1):
    - StripeCore (= 25.0.1)
  - StripeConnect (25.0.1):
    - StripeCore (= 25.0.1)
    - StripeFinancialConnections (= 25.0.1)
    - StripeUICore (= 25.0.1)
  - StripeCore (25.0.1)
  - StripeFinancialConnections (25.0.1):
    - StripeCore (= 25.0.1)
    - StripeUICore (= 25.0.1)
  - StripePayments (25.0.1):
    - StripeCore (= 25.0.1)
    - StripePayments/Stripe3DS2 (= 25.0.1)
  - StripePayments/Stripe3DS2 (25.0.1):
    - StripeCore (= 25.0.1)
  - StripePaymentSheet (25.0.1):
    - StripeApplePay (= 25.0.1)
    - StripeCore (= 25.0.1)
    - StripePayments (= 25.0.1)
    - StripePaymentsUI (= 25.0.1)
  - StripePaymentsUI (25.0.1):
    - StripeCore (= 25.0.1)
    - StripePayments (= 25.0.1)
    - StripeUICore (= 25.0.1)
  - StripeUICore (25.0.1):
    - StripeCore (= 25.0.1)
  - url_launcher_ios (0.0.1):
    - Flutter
  - webview_flutter_wkwebview (0.0.1):
    - Flutter
    - FlutterMacOS
  - WechatOpenSDK-XCFramework (2.0.5)

DEPENDENCIES:
  - app_links (from `.symlinks/plugins/app_links/ios`)
  - connectivity_plus (from `.symlinks/plugins/connectivity_plus/ios`)
  - device_info_plus (from `.symlinks/plugins/device_info_plus/ios`)
  - Flutter (from `Flutter`)
  - flutter_local_notifications (from `.symlinks/plugins/flutter_local_notifications/ios`)
  - flutter_native_splash (from `.symlinks/plugins/flutter_native_splash/ios`)
  - flutter_secure_storage (from `.symlinks/plugins/flutter_secure_storage/ios`)
  - fluwx (from `.symlinks/plugins/fluwx/ios`)
  - geocoding_ios (from `.symlinks/plugins/geocoding_ios/ios`)
  - geolocator_apple (from `.symlinks/plugins/geolocator_apple/darwin`)
  - image_picker_ios (from `.symlinks/plugins/image_picker_ios/ios`)
  - in_app_purchase_storekit (from `.symlinks/plugins/in_app_purchase_storekit/darwin`)
  - in_app_review (from `.symlinks/plugins/in_app_review/ios`)
  - keyboard_insets_mobile (from `.symlinks/plugins/keyboard_insets_mobile/ios`)
  - local_auth_darwin (from `.symlinks/plugins/local_auth_darwin/darwin`)
  - package_info_plus (from `.symlinks/plugins/package_info_plus/ios`)
  - permission_handler_apple (from `.symlinks/plugins/permission_handler_apple/ios`)
  - share_plus (from `.symlinks/plugins/share_plus/ios`)
  - shared_preferences_foundation (from `.symlinks/plugins/shared_preferences_foundation/darwin`)
  - sqflite_darwin (from `.symlinks/plugins/sqflite_darwin/darwin`)
  - stripe_ios (from `.symlinks/plugins/stripe_ios/ios`)
  - StripeConnect
  - url_launcher_ios (from `.symlinks/plugins/url_launcher_ios/ios`)
  - webview_flutter_wkwebview (from `.symlinks/plugins/webview_flutter_wkwebview/darwin`)

SPEC REPOS:
  trunk:
    - Stripe
    - StripeApplePay
    - StripeConnect
    - StripeCore
    - StripeFinancialConnections
    - StripePayments
    - StripePaymentSheet
    - StripePaymentsUI
    - StripeUICore
    - WechatOpenSDK-XCFramework

EXTERNAL SOURCES:
  app_links:
    :path: ".symlinks/plugins/app_links/ios"
  connectivity_plus:
    :path: ".symlinks/plugins/connectivity_plus/ios"
  device_info_plus:
    :path: ".symlinks/plugins/device_info_plus/ios"
  Flutter:
    :path: Flutter
  flutter_local_notifications:
    :path: ".symlinks/plugins/flutter_local_notifications/ios"
  flutter_native_splash:
    :path: ".symlinks/plugins/flutter_native_splash/ios"
  flutter_secure_storage:
    :path: ".symlinks/plugins/flutter_secure_storage/ios"
  fluwx:
    :path: ".symlinks/plugins/fluwx/ios"
  geocoding_ios:
    :path: ".symlinks/plugins/geocoding_ios/ios"
  geolocator_apple:
    :path: ".symlinks/plugins/geolocator_apple/darwin"
  image_picker_ios:
    :path: ".symlinks/plugins/image_picker_ios/ios"
  in_app_purchase_storekit:
    :path: ".symlinks/plugins/in_app_purchase_storekit/darwin"
  in_app_review:
    :path: ".symlinks/plugins/in_app_review/ios"
  keyboard_insets_mobile:
    :path: ".symlinks/plugins/keyboard_insets_mobile/ios"
  local_auth_darwin:
    :path: ".symlinks/plugins/local_auth_darwin/darwin"
  package_info_plus:
    :path: ".symlinks/plugins/package_info_plus/ios"
  permission_handler_apple:
    :path: ".symlinks/plugins/permission_handler_apple/ios"
  share_plus:
    :path: ".symlinks/plugins/share_plus/ios"
  shared_preferences_foundation:
    :path: ".symlinks/plugins/shared_preferences_foundation/darwin"
  sqflite_darwin:
    :path: ".symlinks/plugins/sqflite_darwin/darwin"
  stripe_ios:
    :path: ".symlinks/plugins/stripe_ios/ios"
  url_launcher_ios:
    :path: ".symlinks/plugins/url_launcher_ios/ios"
  webview_flutter_wkwebview:
    :path: ".symlinks/plugins/webview_flutter_wkwebview/darwin"

SPEC CHECKSUMS:
  app_links: 3dbc685f76b1693c66a6d9dd1e9ab6f73d97dc0a
  connectivity_plus: cb623214f4e1f6ef8fe7403d580fdad517d2f7dd
  device_info_plus: 71ffc6ab7634ade6267c7a93088ed7e4f74e5896
  Flutter: cabc95a1d2626b1b06e7179b784ebcf0c0cde467
  flutter_local_notifications: ad39620c743ea4c15127860f4b5641649a988100
  flutter_native_splash: c32d145d68aeda5502d5f543ee38c192065986cf
  flutter_secure_storage: 1ed9476fba7e7a782b22888f956cce43e2c62f13
  fluwx: 6bf9c5a3a99ad31b0de137dd92370a0d10a60f4b
  geocoding_ios: 33776c9ebb98d037b5e025bb0e7537f6dd19646e
  geolocator_apple: ab36aa0e8b7d7a2d7639b3b4e48308394e8cef5e
  image_picker_ios: e0ece4aa2a75771a7de3fa735d26d90817041326
  in_app_purchase_storekit: 22cca7d08eebca9babdf4d07d0baccb73325d3c8
  in_app_review: 7dd1ea365263f834b8464673f9df72c80c17c937
  keyboard_insets_mobile: 5647380b488cc18e5ffe6b8f333f9da6afa8558b
  local_auth_darwin: c3ee6cce0a8d56be34c8ccb66ba31f7f180aaebb
  package_info_plus: af8e2ca6888548050f16fa2f1938db7b5a5df499
  permission_handler_apple: 4ed2196e43d0651e8ff7ca3483a069d469701f2d
  share_plus: 50da8cb520a8f0f65671c6c6a99b3617ed10a58a
  shared_preferences_foundation: 7036424c3d8ec98dfe75ff1667cb0cd531ec82bb
  sqflite_darwin: 20b2a3a3b70e43edae938624ce550a3cbf66a3d0
  Stripe: 4728e3e0dd8df134e4a420ab504e929a93a815f0
  stripe_ios: b6b8ef64e89a5409da466b4e6a2a6a26178892a6
  StripeApplePay: 43997281ace138a1c75a8f2d7be11925ea28644c
  StripeConnect: f8c74da8c0396baec1856ed45fbe639666fc7f75
  StripeCore: 457c30e2fd3a7c4b274a5ad53d1ff03661eef2a0
  StripeFinancialConnections: 8c2e326f767fb014b53174b3a5f8592c0a45fa56
  StripePayments: 6955de4298a5265e66f02cffcc7954475ac7f6c8
  StripePaymentSheet: 3f93ce6ea84afde770d3c7e18a9b8f99aed63896
  StripePaymentsUI: 626726a01255a6458c35436f7f6431dacee82684
  StripeUICore: 30f8352fd7a5cf1541b7777a57b3ad1133bf6763
  url_launcher_ios: 7a95fa5b60cc718a708b8f2966718e93db0cef1b
  webview_flutter_wkwebview: 8ebf4fded22593026f7dbff1fbff31ea98573c8d
  WechatOpenSDK-XCFramework: ff342ae616bb86df3d236aca38059dfd4bc4a949

PODFILE CHECKSUM: 63693e34365eb6dc86a7856f2d693fdd2e2652f5

COCOAPODS: 1.16.2
