{
  "originHash" : "c3c734bfdd305362e4c71a253ae086f924b0b25236490ef7a25034cfe73dc3e9",
  "pins" : [
    {
      "identity" : "stripe-ios-spm",
      "kind" : "remoteSourceControl",
      "location" : "https://github.com/stripe/stripe-ios-spm",
      "state" : {
        "revision" : "551b06f6f6e7e34a3acb069458184907a30884fd",
        "version" : "25.3.1"
      }
    }
  ],
  "version" : 3
}
